
Microsoft Visual Studio Solution File, Format Version 12.00
# Visual Studio 14
VisualStudioVersion = 14.0.24720.0
MinimumVisualStudioVersion = 10.0.40219.1
Project("{FAE04EC0-301F-11D3-BF4B-00C04F79EFBC}") = "도서관리시스템", "도서검색시스템\도서관리시스템.csproj", "{FF73E971-FDDF-43DA-81B3-371A9C85D038}"
EndProject
Global
	GlobalSection(SolutionConfigurationPlatforms) = preSolution
		Debug|Any CPU = Debug|Any CPU
		Release|Any CPU = Release|Any CPU
	EndGlobalSection
	GlobalSection(ProjectConfigurationPlatforms) = postSolution
		{FF73E971-FDDF-43DA-81B3-371A9C85D038}.Debug|Any CPU.ActiveCfg = Debug|Any CPU
		{FF73E971-FDDF-43DA-81B3-371A9C85D038}.Debug|Any CPU.Build.0 = Debug|Any CPU
		{FF73E971-FDDF-43DA-81B3-371A9C85D038}.Release|Any CPU.ActiveCfg = Release|Any CPU
		{FF73E971-FDDF-43DA-81B3-371A9C85D038}.Release|Any CPU.Build.0 = Release|Any CPU
	EndGlobalSection
	GlobalSection(SolutionProperties) = preSolution
		HideSolutionNode = FALSE
	EndGlobalSection
EndGlobal
